// !$*UTF8*$!
{
	archiveVersion = 1;
	classes = {
	};
	objectVersion = 56;
	objects = {

/* Begin PBXBuildFile section */
		C36079472C2B7152003B66D8 /* AlertAppApp.swift in Sources */ = {isa = PBXBuildFile; fileRef = C36079462C2B7152003B66D8 /* AlertAppApp.swift */; };
		C36079492C2B7152003B66D8 /* ContentView.swift in Sources */ = {isa = PBXBuildFile; fileRef = C36079482C2B7152003B66D8 /* ContentView.swift */; };
		C360794B2C2B7154003B66D8 /* Assets.xcassets in Resources */ = {isa = PBXBuildFile; fileRef = C360794A2C2B7154003B66D8 /* Assets.xcassets */; };
		C360794E2C2B7154003B66D8 /* Preview Assets.xcassets in Resources */ = {isa = PBXBuildFile; fileRef = C360794D2C2B7154003B66D8 /* Preview Assets.xcassets */; };
		C36079582C2B7154003B66D8 /* AlertAppTests.swift in Sources */ = {isa = PBXBuildFile; fileRef = C36079572C2B7154003B66D8 /* AlertAppTests.swift */; };
		C36079622C2B7154003B66D8 /* AlertAppUITests.swift in Sources */ = {isa = PBXBuildFile; fileRef = C36079612C2B7154003B66D8 /* AlertAppUITests.swift */; };
		C36079642C2B7154003B66D8 /* AlertAppUITestsLaunchTests.swift in Sources */ = {isa = PBXBuildFile; fileRef = C36079632C2B7154003B66D8 /* AlertAppUITestsLaunchTests.swift */; };
/* End PBXBuildFile section */

/* Begin PBXContainerItemProxy section */
		C36079542C2B7154003B66D8 /* PBXContainerItemProxy */ = {
			isa = PBXContainerItemProxy;
			containerPortal = C360793B2C2B7152003B66D8 /* Project object */;
			proxyType = 1;
			remoteGlobalIDString = C36079422C2B7152003B66D8;
			remoteInfo = AlertApp;
		};
		C360795E2C2B7154003B66D8 /* PBXContainerItemProxy */ = {
			isa = PBXContainerItemProxy;
			containerPortal = C360793B2C2B7152003B66D8 /* Project object */;
			proxyType = 1;
			remoteGlobalIDString = C36079422C2B7152003B66D8;
			remoteInfo = AlertApp;
		};
/* End PBXContainerItemProxy section */

/* Begin PBXFileReference section */
		C36079432C2B7152003B66D8 /* AlertApp.app */ = {isa = PBXFileReference; explicitFileType = wrapper.application; includeInIndex = 0; path = AlertApp.app; sourceTree = BUILT_PRODUCTS_DIR; };
		C36079462C2B7152003B66D8 /* AlertAppApp.swift */ = {isa = PBXFileReference; lastKnownFileType = sourcecode.swift; path = AlertAppApp.swift; sourceTree = "<group>"; };
		C36079482C2B7152003B66D8 /* ContentView.swift */ = {isa = PBXFileReference; lastKnownFileType = sourcecode.swift; path = ContentView.swift; sourceTree = "<group>"; };
		C360794A2C2B7154003B66D8 /* Assets.xcassets */ = {isa = PBXFileReference; lastKnownFileType = folder.assetcatalog; path = Assets.xcassets; sourceTree = "<group>"; };
		C360794D2C2B7154003B66D8 /* Preview Assets.xcassets */ = {isa = PBXFileReference; lastKnownFileType = folder.assetcatalog; path = "Preview Assets.xcassets"; sourceTree = "<group>"; };
		C36079532C2B7154003B66D8 /* AlertAppTests.xctest */ = {isa = PBXFileReference; explicitFileType = wrapper.cfbundle; includeInIndex = 0; path = AlertAppTests.xctest; sourceTree = BUILT_PRODUCTS_DIR; };
		C36079572C2B7154003B66D8 /* AlertAppTests.swift */ = {isa = PBXFileReference; lastKnownFileType = sourcecode.swift; path = AlertAppTests.swift; sourceTree = "<group>"; };
		C360795D2C2B7154003B66D8 /* AlertAppUITests.xctest */ = {isa = PBXFileReference; explicitFileType = wrapper.cfbundle; includeInIndex = 0; path = AlertAppUITests.xctest; sourceTree = BUILT_PRODUCTS_DIR; };
		C36079612C2B7154003B66D8 /* AlertAppUITests.swift */ = {isa = PBXFileReference; lastKnownFileType = sourcecode.swift; path = AlertAppUITests.swift; sourceTree = "<group>"; };
		C36079632C2B7154003B66D8 /* AlertAppUITestsLaunchTests.swift */ = {isa = PBXFileReference; lastKnownFileType = sourcecode.swift; path = AlertAppUITestsLaunchTests.swift; sourceTree = "<group>"; };
/* End PBXFileReference section */

/* Begin PBXFrameworksBuildPhase section */
		C36079402C2B7152003B66D8 /* Frameworks */ = {
			isa = PBXFrameworksBuildPhase;
			buildActionMask = 2147483647;
			files = (
			);
			runOnlyForDeploymentPostprocessing = 0;
		};
		C36079502C2B7154003B66D8 /* Frameworks */ = {
			isa = PBXFrameworksBuildPhase;
			buildActionMask = 2147483647;
			files = (
			);
			runOnlyForDeploymentPostprocessing = 0;
		};
		C360795A2C2B7154003B66D8 /* Frameworks */ = {
			isa = PBXFrameworksBuildPhase;
			buildActionMask = 2147483647;
			files = (
			);
			runOnlyForDeploymentPostprocessing = 0;
		};
/* End PBXFrameworksBuildPhase section */

/* Begin PBXGroup section */
		C360793A2C2B7152003B66D8 = {
			isa = PBXGroup;
			children = (
				C36079452C2B7152003B66D8 /* AlertApp */,
				C36079562C2B7154003B66D8 /* AlertAppTests */,
				C36079602C2B7154003B66D8 /* AlertAppUITests */,
				C36079442C2B7152003B66D8 /* Products */,
			);
			sourceTree = "<group>";
		};
		C36079442C2B7152003B66D8 /* Products */ = {
			isa = PBXGroup;
			children = (
				C36079432C2B7152003B66D8 /* AlertApp.app */,
				C36079532C2B7154003B66D8 /* AlertAppTests.xctest */,
				C360795D2C2B7154003B66D8 /* AlertAppUITests.xctest */,
			);
			name = Products;
			sourceTree = "<group>";
		};
		C36079452C2B7152003B66D8 /* AlertApp */ = {
			isa = PBXGroup;
			children = (
				C36079462C2B7152003B66D8 /* AlertAppApp.swift */,
				C36079482C2B7152003B66D8 /* ContentView.swift */,
				C360794A2C2B7154003B66D8 /* Assets.xcassets */,
				C360794C2C2B7154003B66D8 /* Preview Content */,
			);
			path = AlertApp;
			sourceTree = "<group>";
		};
		C360794C2C2B7154003B66D8 /* Preview Content */ = {
			isa = PBXGroup;
			children = (
				C360794D2C2B7154003B66D8 /* Preview Assets.xcassets */,
			);
			path = "Preview Content";
			sourceTree = "<group>";
		};
		C36079562C2B7154003B66D8 /* AlertAppTests */ = {
			isa = PBXGroup;
			children = (
				C36079572C2B7154003B66D8 /* AlertAppTests.swift */,
			);
			path = AlertAppTests;
			sourceTree = "<group>";
		};
		C36079602C2B7154003B66D8 /* AlertAppUITests */ = {
			isa = PBXGroup;
			children = (
				C36079612C2B7154003B66D8 /* AlertAppUITests.swift */,
				C36079632C2B7154003B66D8 /* AlertAppUITestsLaunchTests.swift */,
			);
			path = AlertAppUITests;
			sourceTree = "<group>";
		};
/* End PBXGroup section */

/* Begin PBXNativeTarget section */
		C36079422C2B7152003B66D8 /* AlertApp */ = {
			isa = PBXNativeTarget;
			buildConfigurationList = C36079672C2B7154003B66D8 /* Build configuration list for PBXNativeTarget "AlertApp" */;
			buildPhases = (
				C360793F2C2B7152003B66D8 /* Sources */,
				C36079402C2B7152003B66D8 /* Frameworks */,
				C36079412C2B7152003B66D8 /* Resources */,
			);
			buildRules = (
			);
			dependencies = (
			);
			name = AlertApp;
			productName = AlertApp;
			productReference = C36079432C2B7152003B66D8 /* AlertApp.app */;
			productType = "com.apple.product-type.application";
		};
		C36079522C2B7154003B66D8 /* AlertAppTests */ = {
			isa = PBXNativeTarget;
			buildConfigurationList = C360796A2C2B7154003B66D8 /* Build configuration list for PBXNativeTarget "AlertAppTests" */;
			buildPhases = (
				C360794F2C2B7154003B66D8 /* Sources */,
				C36079502C2B7154003B66D8 /* Frameworks */,
				C36079512C2B7154003B66D8 /* Resources */,
			);
			buildRules = (
			);
			dependencies = (
				C36079552C2B7154003B66D8 /* PBXTargetDependency */,
			);
			name = AlertAppTests;
			productName = AlertAppTests;
			productReference = C36079532C2B7154003B66D8 /* AlertAppTests.xctest */;
			productType = "com.apple.product-type.bundle.unit-test";
		};
		C360795C2C2B7154003B66D8 /* AlertAppUITests */ = {
			isa = PBXNativeTarget;
			buildConfigurationList = C360796D2C2B7154003B66D8 /* Build configuration list for PBXNativeTarget "AlertAppUITests" */;
			buildPhases = (
				C36079592C2B7154003B66D8 /* Sources */,
				C360795A2C2B7154003B66D8 /* Frameworks */,
				C360795B2C2B7154003B66D8 /* Resources */,
			);
			buildRules = (
			);
			dependencies = (
				C360795F2C2B7154003B66D8 /* PBXTargetDependency */,
			);
			name = AlertAppUITests;
			productName = AlertAppUITests;
			productReference = C360795D2C2B7154003B66D8 /* AlertAppUITests.xctest */;
			productType = "com.apple.product-type.bundle.ui-testing";
		};
/* End PBXNativeTarget section */

/* Begin PBXProject section */
		C360793B2C2B7152003B66D8 /* Project object */ = {
			isa = PBXProject;
			attributes = {
				BuildIndependentTargetsInParallel = 1;
				LastSwiftUpdateCheck = 1540;
				LastUpgradeCheck = 1540;
				TargetAttributes = {
					C36079422C2B7152003B66D8 = {
						CreatedOnToolsVersion = 15.4;
					};
					C36079522C2B7154003B66D8 = {
						CreatedOnToolsVersion = 15.4;
						TestTargetID = C36079422C2B7152003B66D8;
					};
					C360795C2C2B7154003B66D8 = {
						CreatedOnToolsVersion = 15.4;
						TestTargetID = C36079422C2B7152003B66D8;
					};
				};
			};
			buildConfigurationList = C360793E2C2B7152003B66D8 /* Build configuration list for PBXProject "AlertApp" */;
			compatibilityVersion = "Xcode 14.0";
			developmentRegion = en;
			hasScannedForEncodings = 0;
			knownRegions = (
				en,
				Base,
			);
			mainGroup = C360793A2C2B7152003B66D8;
			productRefGroup = C36079442C2B7152003B66D8 /* Products */;
			projectDirPath = "";
			projectRoot = "";
			targets = (
				C36079422C2B7152003B66D8 /* AlertApp */,
				C36079522C2B7154003B66D8 /* AlertAppTests */,
				C360795C2C2B7154003B66D8 /* AlertAppUITests */,
			);
		};
/* End PBXProject section */

/* Begin PBXResourcesBuildPhase section */
		C36079412C2B7152003B66D8 /* Resources */ = {
			isa = PBXResourcesBuildPhase;
			buildActionMask = 2147483647;
			files = (
				C360794E2C2B7154003B66D8 /* Preview Assets.xcassets in Resources */,
				C360794B2C2B7154003B66D8 /* Assets.xcassets in Resources */,
			);
			runOnlyForDeploymentPostprocessing = 0;
		};
		C36079512C2B7154003B66D8 /* Resources */ = {
			isa = PBXResourcesBuildPhase;
			buildActionMask = 2147483647;
			files = (
			);
			runOnlyForDeploymentPostprocessing = 0;
		};
		C360795B2C2B7154003B66D8 /* Resources */ = {
			isa = PBXResourcesBuildPhase;
			buildActionMask = 2147483647;
			files = (
			);
			runOnlyForDeploymentPostprocessing = 0;
		};
/* End PBXResourcesBuildPhase section */

/* Begin PBXSourcesBuildPhase section */
		C360793F2C2B7152003B66D8 /* Sources */ = {
			isa = PBXSourcesBuildPhase;
			buildActionMask = 2147483647;
			files = (
				C36079492C2B7152003B66D8 /* ContentView.swift in Sources */,
				C36079472C2B7152003B66D8 /* AlertAppApp.swift in Sources */,
			);
			runOnlyForDeploymentPostprocessing = 0;
		};
		C360794F2C2B7154003B66D8 /* Sources */ = {
			isa = PBXSourcesBuildPhase;
			buildActionMask = 2147483647;
			files = (
				C36079582C2B7154003B66D8 /* AlertAppTests.swift in Sources */,
			);
			runOnlyForDeploymentPostprocessing = 0;
		};
		C36079592C2B7154003B66D8 /* Sources */ = {
			isa = PBXSourcesBuildPhase;
			buildActionMask = 2147483647;
			files = (
				C36079642C2B7154003B66D8 /* AlertAppUITestsLaunchTests.swift in Sources */,
				C36079622C2B7154003B66D8 /* AlertAppUITests.swift in Sources */,
			);
			runOnlyForDeploymentPostprocessing = 0;
		};
/* End PBXSourcesBuildPhase section */

/* Begin PBXTargetDependency section */
		C36079552C2B7154003B66D8 /* PBXTargetDependency */ = {
			isa = PBXTargetDependency;
			target = C36079422C2B7152003B66D8 /* AlertApp */;
			targetProxy = C36079542C2B7154003B66D8 /* PBXContainerItemProxy */;
		};
		C360795F2C2B7154003B66D8 /* PBXTargetDependency */ = {
			isa = PBXTargetDependency;
			target = C36079422C2B7152003B66D8 /* AlertApp */;
			targetProxy = C360795E2C2B7154003B66D8 /* PBXContainerItemProxy */;
		};
/* End PBXTargetDependency section */

/* Begin XCBuildConfiguration section */
		C36079652C2B7154003B66D8 /* Debug */ = {
			isa = XCBuildConfiguration;
			buildSettings = {
				ALWAYS_SEARCH_USER_PATHS = NO;
				ASSETCATALOG_COMPILER_GENERATE_SWIFT_ASSET_SYMBOL_EXTENSIONS = YES;
				CLANG_ANALYZER_NONNULL = YES;
				CLANG_ANALYZER_NUMBER_OBJECT_CONVERSION = YES_AGGRESSIVE;
				CLANG_CXX_LANGUAGE_STANDARD = "gnu++20";
				CLANG_ENABLE_MODULES = YES;
				CLANG_ENABLE_OBJC_ARC = YES;
				CLANG_ENABLE_OBJC_WEAK = YES;
				CLANG_WARN_BLOCK_CAPTURE_AUTORELEASING = YES;
				CLANG_WARN_BOOL_CONVERSION = YES;
				CLANG_WARN_COMMA = YES;
				CLANG_WARN_CONSTANT_CONVERSION = YES;
				CLANG_WARN_DEPRECATED_OBJC_IMPLEMENTATIONS = YES;
				CLANG_WARN_DIRECT_OBJC_ISA_USAGE = YES_ERROR;
				CLANG_WARN_DOCUMENTATION_COMMENTS = YES;
				CLANG_WARN_EMPTY_BODY = YES;
				CLANG_WARN_ENUM_CONVERSION = YES;
				CLANG_WARN_INFINITE_RECURSION = YES;
				CLANG_WARN_INT_CONVERSION = YES;
				CLANG_WARN_NON_LITERAL_NULL_CONVERSION = YES;
				CLANG_WARN_OBJC_IMPLICIT_RETAIN_SELF = YES;
				CLANG_WARN_OBJC_LITERAL_CONVERSION = YES;
				CLANG_WARN_OBJC_ROOT_CLASS = YES_ERROR;
				CLANG_WARN_QUOTED_INCLUDE_IN_FRAMEWORK_HEADER = YES;
				CLANG_WARN_RANGE_LOOP_ANALYSIS = YES;
				CLANG_WARN_STRICT_PROTOTYPES = YES;
				CLANG_WARN_SUSPICIOUS_MOVE = YES;
				CLANG_WARN_UNGUARDED_AVAILABILITY = YES_AGGRESSIVE;
				CLANG_WARN_UNREACHABLE_CODE = YES;
				CLANG_WARN__DUPLICATE_METHOD_MATCH = YES;
				COPY_PHASE_STRIP = NO;
				DEBUG_INFORMATION_FORMAT = dwarf;
				ENABLE_STRICT_OBJC_MSGSEND = YES;
				ENABLE_TESTABILITY = YES;
				ENABLE_USER_SCRIPT_SANDBOXING = YES;
				GCC_C_LANGUAGE_STANDARD = gnu17;
				GCC_DYNAMIC_NO_PIC = NO;
				GCC_NO_COMMON_BLOCKS = YES;
				GCC_OPTIMIZATION_LEVEL = 0;
				GCC_PREPROCESSOR_DEFINITIONS = (
					"DEBUG=1",
					"$(inherited)",
				);
				GCC_WARN_64_TO_32_BIT_CONVERSION = YES;
				GCC_WARN_ABOUT_RETURN_TYPE = YES_ERROR;
				GCC_WARN_UNDECLARED_SELECTOR = YES;
				GCC_WARN_UNINITIALIZED_AUTOS = YES_AGGRESSIVE;
				GCC_WARN_UNUSED_FUNCTION = YES;
				GCC_WARN_UNUSED_VARIABLE = YES;
				IPHONEOS_DEPLOYMENT_TARGET = 17.5;
				LOCALIZATION_PREFERS_STRING_CATALOGS = YES;
				MTL_ENABLE_DEBUG_INFO = INCLUDE_SOURCE;
				MTL_FAST_MATH = YES;
				ONLY_ACTIVE_ARCH = YES;
				SDKROOT = iphoneos;
				SWIFT_ACTIVE_COMPILATION_CONDITIONS = "DEBUG $(inherited)";
				SWIFT_OPTIMIZATION_LEVEL = "-Onone";
			};
			name = Debug;
		};
		C36079662C2B7154003B66D8 /* Release */ = {
			isa = XCBuildConfiguration;
			buildSettings = {
				ALWAYS_SEARCH_USER_PATHS = NO;
				ASSETCATALOG_COMPILER_GENERATE_SWIFT_ASSET_SYMBOL_EXTENSIONS = YES;
				CLANG_ANALYZER_NONNULL = YES;
				CLANG_ANALYZER_NUMBER_OBJECT_CONVERSION = YES_AGGRESSIVE;
				CLANG_CXX_LANGUAGE_STANDARD = "gnu++20";
				CLANG_ENABLE_MODULES = YES;
				CLANG_ENABLE_OBJC_ARC = YES;
				CLANG_ENABLE_OBJC_WEAK = YES;
				CLANG_WARN_BLOCK_CAPTURE_AUTORELEASING = YES;
				CLANG_WARN_BOOL_CONVERSION = YES;
				CLANG_WARN_COMMA = YES;
				CLANG_WARN_CONSTANT_CONVERSION = YES;
				CLANG_WARN_DEPRECATED_OBJC_IMPLEMENTATIONS = YES;
				CLANG_WARN_DIRECT_OBJC_ISA_USAGE = YES_ERROR;
				CLANG_WARN_DOCUMENTATION_COMMENTS = YES;
				CLANG_WARN_EMPTY_BODY = YES;
				CLANG_WARN_ENUM_CONVERSION = YES;
				CLANG_WARN_INFINITE_RECURSION = YES;
				CLANG_WARN_INT_CONVERSION = YES;
				CLANG_WARN_NON_LITERAL_NULL_CONVERSION = YES;
				CLANG_WARN_OBJC_IMPLICIT_RETAIN_SELF = YES;
				CLANG_WARN_OBJC_LITERAL_CONVERSION = YES;
				CLANG_WARN_OBJC_ROOT_CLASS = YES_ERROR;
				CLANG_WARN_QUOTED_INCLUDE_IN_FRAMEWORK_HEADER = YES;
				CLANG_WARN_RANGE_LOOP_ANALYSIS = YES;
				CLANG_WARN_STRICT_PROTOTYPES = YES;
				CLANG_WARN_SUSPICIOUS_MOVE = YES;
				CLANG_WARN_UNGUARDED_AVAILABILITY = YES_AGGRESSIVE;
				CLANG_WARN_UNREACHABLE_CODE = YES;
				CLANG_WARN__DUPLICATE_METHOD_MATCH = YES;
				COPY_PHASE_STRIP = NO;
				DEBUG_INFORMATION_FORMAT = "dwarf-with-dsym";
				ENABLE_NS_ASSERTIONS = NO;
				ENABLE_STRICT_OBJC_MSGSEND = YES;
				ENABLE_USER_SCRIPT_SANDBOXING = YES;
				GCC_C_LANGUAGE_STANDARD = gnu17;
				GCC_NO_COMMON_BLOCKS = YES;
				GCC_WARN_64_TO_32_BIT_CONVERSION = YES;
				GCC_WARN_ABOUT_RETURN_TYPE = YES_ERROR;
				GCC_WARN_UNDECLARED_SELECTOR = YES;
				GCC_WARN_UNINITIALIZED_AUTOS = YES_AGGRESSIVE;
				GCC_WARN_UNUSED_FUNCTION = YES;
				GCC_WARN_UNUSED_VARIABLE = YES;
				IPHONEOS_DEPLOYMENT_TARGET = 17.5;
				LOCALIZATION_PREFERS_STRING_CATALOGS = YES;
				MTL_ENABLE_DEBUG_INFO = NO;
				MTL_FAST_MATH = YES;
				SDKROOT = iphoneos;
				SWIFT_COMPILATION_MODE = wholemodule;
				VALIDATE_PRODUCT = YES;
			};
			name = Release;
		};
		C36079682C2B7154003B66D8 /* Debug */ = {
			isa = XCBuildConfiguration;
			buildSettings = {
				ASSETCATALOG_COMPILER_APPICON_NAME = AppIcon;
				ASSETCATALOG_COMPILER_GLOBAL_ACCENT_COLOR_NAME = AccentColor;
				CODE_SIGN_STYLE = Automatic;
				CURRENT_PROJECT_VERSION = 1;
				DEVELOPMENT_ASSET_PATHS = "\"AlertApp/Preview Content\"";
				ENABLE_PREVIEWS = YES;
				GENERATE_INFOPLIST_FILE = YES;
				INFOPLIST_KEY_UIApplicationSceneManifest_Generation = YES;
				INFOPLIST_KEY_UIApplicationSupportsIndirectInputEvents = YES;
				INFOPLIST_KEY_UILaunchScreen_Generation = YES;
				INFOPLIST_KEY_UISupportedInterfaceOrientations_iPad = "UIInterfaceOrientationPortrait UIInterfaceOrientationPortraitUpsideDown UIInterfaceOrientationLandscapeLeft UIInterfaceOrientationLandscapeRight";
				INFOPLIST_KEY_UISupportedInterfaceOrientations_iPhone = "UIInterfaceOrientationPortrait UIInterfaceOrientationLandscapeLeft UIInterfaceOrientationLandscapeRight";
				LD_RUNPATH_SEARCH_PATHS = (
					"$(inherited)",
					"@executable_path/Frameworks",
				);
				MARKETING_VERSION = 1.0;
				PRODUCT_BUNDLE_IDENTIFIER = KWK.AlertApp;
				PRODUCT_NAME = "$(TARGET_NAME)";
				SWIFT_EMIT_LOC_STRINGS = YES;
				SWIFT_VERSION = 5.0;
				TARGETED_DEVICE_FAMILY = "1,2";
			};
			name = Debug;
		};
		C36079692C2B7154003B66D8 /* Release */ = {
			isa = XCBuildConfiguration;
			buildSettings = {
				ASSETCATALOG_COMPILER_APPICON_NAME = AppIcon;
				ASSETCATALOG_COMPILER_GLOBAL_ACCENT_COLOR_NAME = AccentColor;
				CODE_SIGN_STYLE = Automatic;
				CURRENT_PROJECT_VERSION = 1;
				DEVELOPMENT_ASSET_PATHS = "\"AlertApp/Preview Content\"";
				ENABLE_PREVIEWS = YES;
				GENERATE_INFOPLIST_FILE = YES;
				INFOPLIST_KEY_UIApplicationSceneManifest_Generation = YES;
				INFOPLIST_KEY_UIApplicationSupportsIndirectInputEvents = YES;
				INFOPLIST_KEY_UILaunchScreen_Generation = YES;
				INFOPLIST_KEY_UISupportedInterfaceOrientations_iPad = "UIInterfaceOrientationPortrait UIInterfaceOrientationPortraitUpsideDown UIInterfaceOrientationLandscapeLeft UIInterfaceOrientationLandscapeRight";
				INFOPLIST_KEY_UISupportedInterfaceOrientations_iPhone = "UIInterfaceOrientationPortrait UIInterfaceOrientationLandscapeLeft UIInterfaceOrientationLandscapeRight";
				LD_RUNPATH_SEARCH_PATHS = (
					"$(inherited)",
					"@executable_path/Frameworks",
				);
				MARKETING_VERSION = 1.0;
				PRODUCT_BUNDLE_IDENTIFIER = KWK.AlertApp;
				PRODUCT_NAME = "$(TARGET_NAME)";
				SWIFT_EMIT_LOC_STRINGS = YES;
				SWIFT_VERSION = 5.0;
				TARGETED_DEVICE_FAMILY = "1,2";
			};
			name = Release;
		};
		C360796B2C2B7154003B66D8 /* Debug */ = {
			isa = XCBuildConfiguration;
			buildSettings = {
				ALWAYS_EMBED_SWIFT_STANDARD_LIBRARIES = YES;
				BUNDLE_LOADER = "$(TEST_HOST)";
				CODE_SIGN_STYLE = Automatic;
				CURRENT_PROJECT_VERSION = 1;
				GENERATE_INFOPLIST_FILE = YES;
				IPHONEOS_DEPLOYMENT_TARGET = 17.5;
				MARKETING_VERSION = 1.0;
				PRODUCT_BUNDLE_IDENTIFIER = KWK.AlertAppTests;
				PRODUCT_NAME = "$(TARGET_NAME)";
				SWIFT_EMIT_LOC_STRINGS = NO;
				SWIFT_VERSION = 5.0;
				TARGETED_DEVICE_FAMILY = "1,2";
				TEST_HOST = "$(BUILT_PRODUCTS_DIR)/AlertApp.app/$(BUNDLE_EXECUTABLE_FOLDER_PATH)/AlertApp";
			};
			name = Debug;
		};
		C360796C2C2B7154003B66D8 /* Release */ = {
			isa = XCBuildConfiguration;
			buildSettings = {
				ALWAYS_EMBED_SWIFT_STANDARD_LIBRARIES = YES;
				BUNDLE_LOADER = "$(TEST_HOST)";
				CODE_SIGN_STYLE = Automatic;
				CURRENT_PROJECT_VERSION = 1;
				GENERATE_INFOPLIST_FILE = YES;
				IPHONEOS_DEPLOYMENT_TARGET = 17.5;
				MARKETING_VERSION = 1.0;
				PRODUCT_BUNDLE_IDENTIFIER = KWK.AlertAppTests;
				PRODUCT_NAME = "$(TARGET_NAME)";
				SWIFT_EMIT_LOC_STRINGS = NO;
				SWIFT_VERSION = 5.0;
				TARGETED_DEVICE_FAMILY = "1,2";
				TEST_HOST = "$(BUILT_PRODUCTS_DIR)/AlertApp.app/$(BUNDLE_EXECUTABLE_FOLDER_PATH)/AlertApp";
			};
			name = Release;
		};
		C360796E2C2B7154003B66D8 /* Debug */ = {
			isa = XCBuildConfiguration;
			buildSettings = {
				ALWAYS_EMBED_SWIFT_STANDARD_LIBRARIES = YES;
				CODE_SIGN_STYLE = Automatic;
				CURRENT_PROJECT_VERSION = 1;
				GENERATE_INFOPLIST_FILE = YES;
				MARKETING_VERSION = 1.0;
				PRODUCT_BUNDLE_IDENTIFIER = KWK.AlertAppUITests;
				PRODUCT_NAME = "$(TARGET_NAME)";
				SWIFT_EMIT_LOC_STRINGS = NO;
				SWIFT_VERSION = 5.0;
				TARGETED_DEVICE_FAMILY = "1,2";
				TEST_TARGET_NAME = AlertApp;
			};
			name = Debug;
		};
		C360796F2C2B7154003B66D8 /* Release */ = {
			isa = XCBuildConfiguration;
			buildSettings = {
				ALWAYS_EMBED_SWIFT_STANDARD_LIBRARIES = YES;
				CODE_SIGN_STYLE = Automatic;
				CURRENT_PROJECT_VERSION = 1;
				GENERATE_INFOPLIST_FILE = YES;
				MARKETING_VERSION = 1.0;
				PRODUCT_BUNDLE_IDENTIFIER = KWK.AlertAppUITests;
				PRODUCT_NAME = "$(TARGET_NAME)";
				SWIFT_EMIT_LOC_STRINGS = NO;
				SWIFT_VERSION = 5.0;
				TARGETED_DEVICE_FAMILY = "1,2";
				TEST_TARGET_NAME = AlertApp;
			};
			name = Release;
		};
/* End XCBuildConfiguration section */

/* Begin XCConfigurationList section */
		C360793E2C2B7152003B66D8 /* Build configuration list for PBXProject "AlertApp" */ = {
			isa = XCConfigurationList;
			buildConfigurations = (
				C36079652C2B7154003B66D8 /* Debug */,
				C36079662C2B7154003B66D8 /* Release */,
			);
			defaultConfigurationIsVisible = 0;
			defaultConfigurationName = Release;
		};
		C36079672C2B7154003B66D8 /* Build configuration list for PBXNativeTarget "AlertApp" */ = {
			isa = XCConfigurationList;
			buildConfigurations = (
				C36079682C2B7154003B66D8 /* Debug */,
				C36079692C2B7154003B66D8 /* Release */,
			);
			defaultConfigurationIsVisible = 0;
			defaultConfigurationName = Release;
		};
		C360796A2C2B7154003B66D8 /* Build configuration list for PBXNativeTarget "AlertAppTests" */ = {
			isa = XCConfigurationList;
			buildConfigurations = (
				C360796B2C2B7154003B66D8 /* Debug */,
				C360796C2C2B7154003B66D8 /* Release */,
			);
			defaultConfigurationIsVisible = 0;
			defaultConfigurationName = Release;
		};
		C360796D2C2B7154003B66D8 /* Build configuration list for PBXNativeTarget "AlertAppUITests" */ = {
			isa = XCConfigurationList;
			buildConfigurations = (
				C360796E2C2B7154003B66D8 /* Debug */,
				C360796F2C2B7154003B66D8 /* Release */,
			);
			defaultConfigurationIsVisible = 0;
			defaultConfigurationName = Release;
		};
/* End XCConfigurationList section */
	};
	rootObject = C360793B2C2B7152003B66D8 /* Project object */;
}
